
Microsoft Visual Studio Solution File, Format Version 12.00
# Visual Studio 15
VisualStudioVersion = 15.0.27130.2027
MinimumVisualStudioVersion = 10.0.40219.1
Project("{FAE04EC0-301F-11D3-BF4B-00C04F79EFBC}") = "SnakeBOT", "SnakeBOT\SnakeBOT.csproj", "{0E6A8CBC-C3D5-4B94-BADB-53776E269AC5}"
EndProject
Project("{FAE04EC0-301F-11D3-BF4B-00C04F79EFBC}") = "EDA", "EDA\EDA.csproj", "{F5045259-96FE-4234-ADA4-7EA6F506AD6D}"
EndProject
Project("{FAE04EC0-301F-11D3-BF4B-00C04F79EFBC}") = "Models", "Models\Models.csproj", "{45AD46B9-06ED-48A9-B1D9-5D0552BDA7E9}"
EndProject
Global
	GlobalSection(SolutionConfigurationPlatforms) = preSolution
		Debug|Any CPU = Debug|Any CPU
		Release|Any CPU = Release|Any CPU
	EndGlobalSection
	GlobalSection(ProjectConfigurationPlatforms) = postSolution
		{0E6A8CBC-C3D5-4B94-BADB-53776E269AC5}.Debug|Any CPU.ActiveCfg = Debug|Any CPU
		{0E6A8CBC-C3D5-4B94-BADB-53776E269AC5}.Debug|Any CPU.Build.0 = Debug|Any CPU
		{0E6A8CBC-C3D5-4B94-BADB-53776E269AC5}.Release|Any CPU.ActiveCfg = Release|Any CPU
		{0E6A8CBC-C3D5-4B94-BADB-53776E269AC5}.Release|Any CPU.Build.0 = Release|Any CPU
		{F5045259-96FE-4234-ADA4-7EA6F506AD6D}.Debug|Any CPU.ActiveCfg = Debug|Any CPU
		{F5045259-96FE-4234-ADA4-7EA6F506AD6D}.Debug|Any CPU.Build.0 = Debug|Any CPU
		{F5045259-96FE-4234-ADA4-7EA6F506AD6D}.Release|Any CPU.ActiveCfg = Release|Any CPU
		{F5045259-96FE-4234-ADA4-7EA6F506AD6D}.Release|Any CPU.Build.0 = Release|Any CPU
		{45AD46B9-06ED-48A9-B1D9-5D0552BDA7E9}.Debug|Any CPU.ActiveCfg = Debug|Any CPU
		{45AD46B9-06ED-48A9-B1D9-5D0552BDA7E9}.Debug|Any CPU.Build.0 = Debug|Any CPU
		{45AD46B9-06ED-48A9-B1D9-5D0552BDA7E9}.Release|Any CPU.ActiveCfg = Release|Any CPU
		{45AD46B9-06ED-48A9-B1D9-5D0552BDA7E9}.Release|Any CPU.Build.0 = Release|Any CPU
	EndGlobalSection
	GlobalSection(SolutionProperties) = preSolution
		HideSolutionNode = FALSE
	EndGlobalSection
	GlobalSection(ExtensibilityGlobals) = postSolution
		SolutionGuid = {1CB9776D-E764-4DCC-A8EC-4BAE68DB8F9F}
	EndGlobalSection
EndGlobal
